
Microsoft Visual Studio Solution File, Format Version 12.00
# Visual Studio Version 17
VisualStudioVersion = 17.4.33403.182
MinimumVisualStudioVersion = 10.0.40219.1
Project("{9A19103F-16F7-4668-BE54-9A1E7A4F7556}") = "Zeus.Shared", "Zeus.Shared\Zeus.Shared.csproj", "{2C4A28E2-A128-4C9F-840C-46AFE61B03E8}"
EndProject
Project("{9A19103F-16F7-4668-BE54-9A1E7A4F7556}") = "Mercury.Shared", "..\..\11Binary.Mercury.Shared\Mercury.Shared.csproj", "{05802AA1-CDFF-41E3-A8AC-C3774D80C506}"
EndProject
Global
	GlobalSection(SolutionConfigurationPlatforms) = preSolution
		Debug|Any CPU = Debug|Any CPU
		Release|Any CPU = Release|Any CPU
	EndGlobalSection
	GlobalSection(ProjectConfigurationPlatforms) = postSolution
		{2C4A28E2-A128-4C9F-840C-46AFE61B03E8}.Debug|Any CPU.ActiveCfg = Debug|Any CPU
		{2C4A28E2-A128-4C9F-840C-46AFE61B03E8}.Debug|Any CPU.Build.0 = Debug|Any CPU
		{2C4A28E2-A128-4C9F-840C-46AFE61B03E8}.Release|Any CPU.ActiveCfg = Release|Any CPU
		{2C4A28E2-A128-4C9F-840C-46AFE61B03E8}.Release|Any CPU.Build.0 = Release|Any CPU
		{05802AA1-CDFF-41E3-A8AC-C3774D80C506}.Debug|Any CPU.ActiveCfg = Debug|Any CPU
		{05802AA1-CDFF-41E3-A8AC-C3774D80C506}.Debug|Any CPU.Build.0 = Debug|Any CPU
		{05802AA1-CDFF-41E3-A8AC-C3774D80C506}.Release|Any CPU.ActiveCfg = Release|Any CPU
		{05802AA1-CDFF-41E3-A8AC-C3774D80C506}.Release|Any CPU.Build.0 = Release|Any CPU
	EndGlobalSection
	GlobalSection(SolutionProperties) = preSolution
		HideSolutionNode = FALSE
	EndGlobalSection
	GlobalSection(ExtensibilityGlobals) = postSolution
		SolutionGuid = {806B891E-9EF2-4FC8-8D64-AF288D1CCB91}
	EndGlobalSection
EndGlobal
